
Microsoft Visual Studio Solution File, Format Version 12.00
# Visual Studio Version 17
VisualStudioVersion = 17.4.33213.308
MinimumVisualStudioVersion = 10.0.40219.1
Project("{FAE04EC0-301F-11D3-BF4B-00C04F79EFBC}") = "TaskWinformApp", "TaskWinformApp\TaskWinformApp.csproj", "{78321D51-6444-44DF-8837-7B706C5C0767}"
EndProject
Global
	GlobalSection(SolutionConfigurationPlatforms) = preSolution
		Debug|Any CPU = Debug|Any CPU
		Release|Any CPU = Release|Any CPU
	EndGlobalSection
	GlobalSection(ProjectConfigurationPlatforms) = postSolution
		{78321D51-6444-44DF-8837-7B706C5C0767}.Debug|Any CPU.ActiveCfg = Debug|Any CPU
		{78321D51-6444-44DF-8837-7B706C5C0767}.Debug|Any CPU.Build.0 = Debug|Any CPU
		{78321D51-6444-44DF-8837-7B706C5C0767}.Release|Any CPU.ActiveCfg = Release|Any CPU
		{78321D51-6444-44DF-8837-7B706C5C0767}.Release|Any CPU.Build.0 = Release|Any CPU
	EndGlobalSection
	GlobalSection(SolutionProperties) = preSolution
		HideSolutionNode = FALSE
	EndGlobalSection
	GlobalSection(ExtensibilityGlobals) = postSolution
		SolutionGuid = {2CE05856-267D-4BDC-894D-F5175C9EB586}
	EndGlobalSection
EndGlobal
